// !$*UTF8*$!
{
	archiveVersion = 1;
	classes = {
	};
	objectVersion = 48;
	objects = {

/* Begin PBXBuildFile section */
		DD61935B1F7DB474003277A0 /* HTButton.swift in Sources */ = {isa = PBXBuildFile; fileRef = DD61935A1F7DB474003277A0 /* HTButton.swift */; };
		DD8351C71F7DB25D00FE3B20 /* HashtagVC.swift in Sources */ = {isa = PBXBuildFile; fileRef = DD8351C61F7DB25D00FE3B20 /* HashtagVC.swift */; };
		DD8351C91F7DB26700FE3B20 /* HTCell.swift in Sources */ = {isa = PBXBuildFile; fileRef = DD8351C81F7DB26700FE3B20 /* HTCell.swift */; };
		DDEDB78A1F7D176400D31AB1 /* AppDelegate.swift in Sources */ = {isa = PBXBuildFile; fileRef = DDEDB7891F7D176400D31AB1 /* AppDelegate.swift */; };
		DDEDB78C1F7D176400D31AB1 /* ViewController.swift in Sources */ = {isa = PBXBuildFile; fileRef = DDEDB78B1F7D176400D31AB1 /* ViewController.swift */; };
		DDEDB78F1F7D176400D31AB1 /* Main.storyboard in Resources */ = {isa = PBXBuildFile; fileRef = DDEDB78D1F7D176400D31AB1 /* Main.storyboard */; };
		DDEDB7921F7D176400D31AB1 /* MapService.xcdatamodeld in Sources */ = {isa = PBXBuildFile; fileRef = DDEDB7901F7D176400D31AB1 /* MapService.xcdatamodeld */; };
		DDEDB7941F7D176400D31AB1 /* Assets.xcassets in Resources */ = {isa = PBXBuildFile; fileRef = DDEDB7931F7D176400D31AB1 /* Assets.xcassets */; };
		DDEDB7971F7D176400D31AB1 /* LaunchScreen.storyboard in Resources */ = {isa = PBXBuildFile; fileRef = DDEDB7951F7D176400D31AB1 /* LaunchScreen.storyboard */; };
		DDEDB79F1F7D2B8600D31AB1 /* TopRouteCell.swift in Sources */ = {isa = PBXBuildFile; fileRef = DDEDB79E1F7D2B8600D31AB1 /* TopRouteCell.swift */; };
		DDEDB7A11F7D2C4D00D31AB1 /* TopViewController.swift in Sources */ = {isa = PBXBuildFile; fileRef = DDEDB7A01F7D2C4D00D31AB1 /* TopViewController.swift */; };
		DDEDB7A81F7D2DA000D31AB1 /* ApiWorker.swift in Sources */ = {isa = PBXBuildFile; fileRef = DDEDB7A71F7D2DA000D31AB1 /* ApiWorker.swift */; };
		DDEDB7AB1F7D2FA900D31AB1 /* TopRoutes.swift in Sources */ = {isa = PBXBuildFile; fileRef = DDEDB7AA1F7D2FA900D31AB1 /* TopRoutes.swift */; };
		DDEDB7AD1F7D2FDB00D31AB1 /* TopRoute.swift in Sources */ = {isa = PBXBuildFile; fileRef = DDEDB7AC1F7D2FDB00D31AB1 /* TopRoute.swift */; };
		DDEDB7B01F7D365400D31AB1 /* GlobalInfo.swift in Sources */ = {isa = PBXBuildFile; fileRef = DDEDB7AF1F7D365400D31AB1 /* GlobalInfo.swift */; };
		DDEDB7B21F7D372600D31AB1 /* BuildRouteVC.swift in Sources */ = {isa = PBXBuildFile; fileRef = DDEDB7B11F7D372600D31AB1 /* BuildRouteVC.swift */; };
		DDEDB7B51F7D404A00D31AB1 /* ViewControllerExtensions.swift in Sources */ = {isa = PBXBuildFile; fileRef = DDEDB7B41F7D404A00D31AB1 /* ViewControllerExtensions.swift */; };
		DDEDB7B71F7D40AC00D31AB1 /* GeneralMenuVC.swift in Sources */ = {isa = PBXBuildFile; fileRef = DDEDB7B61F7D40AC00D31AB1 /* GeneralMenuVC.swift */; };
		DDEDB7B91F7D4AC000D31AB1 /* GlobalMethods.swift in Sources */ = {isa = PBXBuildFile; fileRef = DDEDB7B81F7D4AC000D31AB1 /* GlobalMethods.swift */; };
		DDEDB7BB1F7D571C00D31AB1 /* SpecialMenuVC.swift in Sources */ = {isa = PBXBuildFile; fileRef = DDEDB7BA1F7D571C00D31AB1 /* SpecialMenuVC.swift */; };
		DDEDB7BD1F7D59AA00D31AB1 /* ShopCell.swift in Sources */ = {isa = PBXBuildFile; fileRef = DDEDB7BC1F7D59AA00D31AB1 /* ShopCell.swift */; };
		DDEDB7BF1F7D59BC00D31AB1 /* CaffeCell.swift in Sources */ = {isa = PBXBuildFile; fileRef = DDEDB7BE1F7D59BC00D31AB1 /* CaffeCell.swift */; };
		DDEDB7C11F7D59C500D31AB1 /* DefaultOptionCell.swift in Sources */ = {isa = PBXBuildFile; fileRef = DDEDB7C01F7D59C500D31AB1 /* DefaultOptionCell.swift */; };
		DDEDB7C31F7D59DB00D31AB1 /* CustomPlaceCell.swift in Sources */ = {isa = PBXBuildFile; fileRef = DDEDB7C21F7D59DB00D31AB1 /* CustomPlaceCell.swift */; };
		DDEDB7C61F7D5A5800D31AB1 /* ButtonsCell.swift in Sources */ = {isa = PBXBuildFile; fileRef = DDEDB7C51F7D5A5800D31AB1 /* ButtonsCell.swift */; };
		DDEDB7C81F7D90F800D31AB1 /* AbstractOptionCell.swift in Sources */ = {isa = PBXBuildFile; fileRef = DDEDB7C71F7D90F800D31AB1 /* AbstractOptionCell.swift */; };
/* End PBXBuildFile section */

/* Begin PBXFileReference section */
		DD61935A1F7DB474003277A0 /* HTButton.swift */ = {isa = PBXFileReference; lastKnownFileType = sourcecode.swift; path = HTButton.swift; sourceTree = "<group>"; };
		DD8351C61F7DB25D00FE3B20 /* HashtagVC.swift */ = {isa = PBXFileReference; lastKnownFileType = sourcecode.swift; path = HashtagVC.swift; sourceTree = "<group>"; };
		DD8351C81F7DB26700FE3B20 /* HTCell.swift */ = {isa = PBXFileReference; lastKnownFileType = sourcecode.swift; path = HTCell.swift; sourceTree = "<group>"; };
		DDEDB7861F7D176400D31AB1 /* MapService.app */ = {isa = PBXFileReference; explicitFileType = wrapper.application; includeInIndex = 0; path = MapService.app; sourceTree = BUILT_PRODUCTS_DIR; };
		DDEDB7891F7D176400D31AB1 /* AppDelegate.swift */ = {isa = PBXFileReference; lastKnownFileType = sourcecode.swift; path = AppDelegate.swift; sourceTree = "<group>"; };
		DDEDB78B1F7D176400D31AB1 /* ViewController.swift */ = {isa = PBXFileReference; lastKnownFileType = sourcecode.swift; path = ViewController.swift; sourceTree = "<group>"; };
		DDEDB78E1F7D176400D31AB1 /* Base */ = {isa = PBXFileReference; lastKnownFileType = file.storyboard; name = Base; path = Base.lproj/Main.storyboard; sourceTree = "<group>"; };
		DDEDB7911F7D176400D31AB1 /* MapService.xcdatamodel */ = {isa = PBXFileReference; lastKnownFileType = wrapper.xcdatamodel; path = MapService.xcdatamodel; sourceTree = "<group>"; };
		DDEDB7931F7D176400D31AB1 /* Assets.xcassets */ = {isa = PBXFileReference; lastKnownFileType = folder.assetcatalog; path = Assets.xcassets; sourceTree = "<group>"; };
		DDEDB7961F7D176400D31AB1 /* Base */ = {isa = PBXFileReference; lastKnownFileType = file.storyboard; name = Base; path = Base.lproj/LaunchScreen.storyboard; sourceTree = "<group>"; };
		DDEDB7981F7D176400D31AB1 /* Info.plist */ = {isa = PBXFileReference; lastKnownFileType = text.plist.xml; path = Info.plist; sourceTree = "<group>"; };
		DDEDB79E1F7D2B8600D31AB1 /* TopRouteCell.swift */ = {isa = PBXFileReference; lastKnownFileType = sourcecode.swift; path = TopRouteCell.swift; sourceTree = "<group>"; };
		DDEDB7A01F7D2C4D00D31AB1 /* TopViewController.swift */ = {isa = PBXFileReference; lastKnownFileType = sourcecode.swift; path = TopViewController.swift; sourceTree = "<group>"; };
		DDEDB7A71F7D2DA000D31AB1 /* ApiWorker.swift */ = {isa = PBXFileReference; lastKnownFileType = sourcecode.swift; path = ApiWorker.swift; sourceTree = "<group>"; };
		DDEDB7AA1F7D2FA900D31AB1 /* TopRoutes.swift */ = {isa = PBXFileReference; lastKnownFileType = sourcecode.swift; path = TopRoutes.swift; sourceTree = "<group>"; };
		DDEDB7AC1F7D2FDB00D31AB1 /* TopRoute.swift */ = {isa = PBXFileReference; lastKnownFileType = sourcecode.swift; path = TopRoute.swift; sourceTree = "<group>"; };
		DDEDB7AF1F7D365400D31AB1 /* GlobalInfo.swift */ = {isa = PBXFileReference; lastKnownFileType = sourcecode.swift; path = GlobalInfo.swift; sourceTree = "<group>"; };
		DDEDB7B11F7D372600D31AB1 /* BuildRouteVC.swift */ = {isa = PBXFileReference; lastKnownFileType = sourcecode.swift; path = BuildRouteVC.swift; sourceTree = "<group>"; };
		DDEDB7B41F7D404A00D31AB1 /* ViewControllerExtensions.swift */ = {isa = PBXFileReference; lastKnownFileType = sourcecode.swift; path = ViewControllerExtensions.swift; sourceTree = "<group>"; };
		DDEDB7B61F7D40AC00D31AB1 /* GeneralMenuVC.swift */ = {isa = PBXFileReference; lastKnownFileType = sourcecode.swift; path = GeneralMenuVC.swift; sourceTree = "<group>"; };
		DDEDB7B81F7D4AC000D31AB1 /* GlobalMethods.swift */ = {isa = PBXFileReference; lastKnownFileType = sourcecode.swift; path = GlobalMethods.swift; sourceTree = "<group>"; };
		DDEDB7BA1F7D571C00D31AB1 /* SpecialMenuVC.swift */ = {isa = PBXFileReference; lastKnownFileType = sourcecode.swift; path = SpecialMenuVC.swift; sourceTree = "<group>"; };
		DDEDB7BC1F7D59AA00D31AB1 /* ShopCell.swift */ = {isa = PBXFileReference; lastKnownFileType = sourcecode.swift; path = ShopCell.swift; sourceTree = "<group>"; };
		DDEDB7BE1F7D59BC00D31AB1 /* CaffeCell.swift */ = {isa = PBXFileReference; lastKnownFileType = sourcecode.swift; path = CaffeCell.swift; sourceTree = "<group>"; };
		DDEDB7C01F7D59C500D31AB1 /* DefaultOptionCell.swift */ = {isa = PBXFileReference; lastKnownFileType = sourcecode.swift; path = DefaultOptionCell.swift; sourceTree = "<group>"; };
		DDEDB7C21F7D59DB00D31AB1 /* CustomPlaceCell.swift */ = {isa = PBXFileReference; lastKnownFileType = sourcecode.swift; path = CustomPlaceCell.swift; sourceTree = "<group>"; };
		DDEDB7C51F7D5A5800D31AB1 /* ButtonsCell.swift */ = {isa = PBXFileReference; lastKnownFileType = sourcecode.swift; path = ButtonsCell.swift; sourceTree = "<group>"; };
		DDEDB7C71F7D90F800D31AB1 /* AbstractOptionCell.swift */ = {isa = PBXFileReference; lastKnownFileType = sourcecode.swift; path = AbstractOptionCell.swift; sourceTree = "<group>"; };
/* End PBXFileReference section */

/* Begin PBXFrameworksBuildPhase section */
		DDEDB7831F7D176400D31AB1 /* Frameworks */ = {
			isa = PBXFrameworksBuildPhase;
			buildActionMask = 2147483647;
			files = (
			);
			runOnlyForDeploymentPostprocessing = 0;
		};
/* End PBXFrameworksBuildPhase section */

/* Begin PBXGroup section */
		DD8351C51F7DB24000FE3B20 /* Search Hashtags */ = {
			isa = PBXGroup;
			children = (
				DD8351C61F7DB25D00FE3B20 /* HashtagVC.swift */,
				DD8351C81F7DB26700FE3B20 /* HTCell.swift */,
				DD61935A1F7DB474003277A0 /* HTButton.swift */,
			);
			path = "Search Hashtags";
			sourceTree = "<group>";
		};
		DDEDB77D1F7D176400D31AB1 = {
			isa = PBXGroup;
			children = (
				DDEDB7881F7D176400D31AB1 /* MapService */,
				DDEDB7871F7D176400D31AB1 /* Products */,
			);
			sourceTree = "<group>";
		};
		DDEDB7871F7D176400D31AB1 /* Products */ = {
			isa = PBXGroup;
			children = (
				DDEDB7861F7D176400D31AB1 /* MapService.app */,
			);
			name = Products;
			sourceTree = "<group>";
		};
		DDEDB7881F7D176400D31AB1 /* MapService */ = {
			isa = PBXGroup;
			children = (
				DD8351C51F7DB24000FE3B20 /* Search Hashtags */,
				DDEDB7B31F7D403E00D31AB1 /* Extensions */,
				DDEDB7AE1F7D364700D31AB1 /* Global */,
				DDEDB7A91F7D2F9800D31AB1 /* TempTests */,
				DDEDB7A61F7D2D9100D31AB1 /* Client */,
				DDEDB7A51F7D2CA400D31AB1 /* SpecificMenu */,
				DDEDB7A41F7D2C9400D31AB1 /* GeneralMenu */,
				DDEDB7A31F7D2C8500D31AB1 /* Main */,
				DDEDB7A21F7D2C7100D31AB1 /* Top */,
				DDEDB78D1F7D176400D31AB1 /* Main.storyboard */,
				DDEDB7931F7D176400D31AB1 /* Assets.xcassets */,
				DDEDB7951F7D176400D31AB1 /* LaunchScreen.storyboard */,
				DDEDB7981F7D176400D31AB1 /* Info.plist */,
				DDEDB7901F7D176400D31AB1 /* MapService.xcdatamodeld */,
			);
			path = MapService;
			sourceTree = "<group>";
		};
		DDEDB7A21F7D2C7100D31AB1 /* Top */ = {
			isa = PBXGroup;
			children = (
				DDEDB79E1F7D2B8600D31AB1 /* TopRouteCell.swift */,
				DDEDB7A01F7D2C4D00D31AB1 /* TopViewController.swift */,
			);
			path = Top;
			sourceTree = "<group>";
		};
		DDEDB7A31F7D2C8500D31AB1 /* Main */ = {
			isa = PBXGroup;
			children = (
				DDEDB7891F7D176400D31AB1 /* AppDelegate.swift */,
				DDEDB78B1F7D176400D31AB1 /* ViewController.swift */,
				DDEDB7B11F7D372600D31AB1 /* BuildRouteVC.swift */,
			);
			path = Main;
			sourceTree = "<group>";
		};
		DDEDB7A41F7D2C9400D31AB1 /* GeneralMenu */ = {
			isa = PBXGroup;
			children = (
				DDEDB7B61F7D40AC00D31AB1 /* GeneralMenuVC.swift */,
			);
			path = GeneralMenu;
			sourceTree = "<group>";
		};
		DDEDB7A51F7D2CA400D31AB1 /* SpecificMenu */ = {
			isa = PBXGroup;
			children = (
				DDEDB7C41F7D5A3300D31AB1 /* Cells */,
				DDEDB7BA1F7D571C00D31AB1 /* SpecialMenuVC.swift */,
			);
			path = SpecificMenu;
			sourceTree = "<group>";
		};
		DDEDB7A61F7D2D9100D31AB1 /* Client */ = {
			isa = PBXGroup;
			children = (
				DDEDB7A71F7D2DA000D31AB1 /* ApiWorker.swift */,
				DDEDB7AC1F7D2FDB00D31AB1 /* TopRoute.swift */,
			);
			path = Client;
			sourceTree = "<group>";
		};
		DDEDB7A91F7D2F9800D31AB1 /* TempTests */ = {
			isa = PBXGroup;
			children = (
				DDEDB7AA1F7D2FA900D31AB1 /* TopRoutes.swift */,
			);
			path = TempTests;
			sourceTree = "<group>";
		};
		DDEDB7AE1F7D364700D31AB1 /* Global */ = {
			isa = PBXGroup;
			children = (
				DDEDB7AF1F7D365400D31AB1 /* GlobalInfo.swift */,
			);
			path = Global;
			sourceTree = "<group>";
		};
		DDEDB7B31F7D403E00D31AB1 /* Extensions */ = {
			isa = PBXGroup;
			children = (
				DDEDB7B41F7D404A00D31AB1 /* ViewControllerExtensions.swift */,
				DDEDB7B81F7D4AC000D31AB1 /* GlobalMethods.swift */,
			);
			path = Extensions;
			sourceTree = "<group>";
		};
		DDEDB7C41F7D5A3300D31AB1 /* Cells */ = {
			isa = PBXGroup;
			children = (
				DDEDB7C71F7D90F800D31AB1 /* AbstractOptionCell.swift */,
				DDEDB7BE1F7D59BC00D31AB1 /* CaffeCell.swift */,
				DDEDB7BC1F7D59AA00D31AB1 /* ShopCell.swift */,
				DDEDB7C01F7D59C500D31AB1 /* DefaultOptionCell.swift */,
				DDEDB7C21F7D59DB00D31AB1 /* CustomPlaceCell.swift */,
				DDEDB7C51F7D5A5800D31AB1 /* ButtonsCell.swift */,
			);
			path = Cells;
			sourceTree = "<group>";
		};
/* End PBXGroup section */

/* Begin PBXNativeTarget section */
		DDEDB7851F7D176400D31AB1 /* MapService */ = {
			isa = PBXNativeTarget;
			buildConfigurationList = DDEDB79B1F7D176400D31AB1 /* Build configuration list for PBXNativeTarget "MapService" */;
			buildPhases = (
				DDEDB7821F7D176400D31AB1 /* Sources */,
				DDEDB7831F7D176400D31AB1 /* Frameworks */,
				DDEDB7841F7D176400D31AB1 /* Resources */,
			);
			buildRules = (
			);
			dependencies = (
			);
			name = MapService;
			productName = MapService;
			productReference = DDEDB7861F7D176400D31AB1 /* MapService.app */;
			productType = "com.apple.product-type.application";
		};
/* End PBXNativeTarget section */

/* Begin PBXProject section */
		DDEDB77E1F7D176400D31AB1 /* Project object */ = {
			isa = PBXProject;
			attributes = {
				LastSwiftUpdateCheck = 0900;
				LastUpgradeCheck = 0900;
				ORGANIZATIONNAME = Vadim;
				TargetAttributes = {
					DDEDB7851F7D176400D31AB1 = {
						CreatedOnToolsVersion = 9.0;
						ProvisioningStyle = Automatic;
					};
				};
			};
			buildConfigurationList = DDEDB7811F7D176400D31AB1 /* Build configuration list for PBXProject "MapService" */;
			compatibilityVersion = "Xcode 8.0";
			developmentRegion = en;
			hasScannedForEncodings = 0;
			knownRegions = (
				en,
				Base,
			);
			mainGroup = DDEDB77D1F7D176400D31AB1;
			productRefGroup = DDEDB7871F7D176400D31AB1 /* Products */;
			projectDirPath = "";
			projectRoot = "";
			targets = (
				DDEDB7851F7D176400D31AB1 /* MapService */,
			);
		};
/* End PBXProject section */

/* Begin PBXResourcesBuildPhase section */
		DDEDB7841F7D176400D31AB1 /* Resources */ = {
			isa = PBXResourcesBuildPhase;
			buildActionMask = 2147483647;
			files = (
				DDEDB7971F7D176400D31AB1 /* LaunchScreen.storyboard in Resources */,
				DDEDB7941F7D176400D31AB1 /* Assets.xcassets in Resources */,
				DDEDB78F1F7D176400D31AB1 /* Main.storyboard in Resources */,
			);
			runOnlyForDeploymentPostprocessing = 0;
		};
/* End PBXResourcesBuildPhase section */

/* Begin PBXSourcesBuildPhase section */
		DDEDB7821F7D176400D31AB1 /* Sources */ = {
			isa = PBXSourcesBuildPhase;
			buildActionMask = 2147483647;
			files = (
				DDEDB78C1F7D176400D31AB1 /* ViewController.swift in Sources */,
				DDEDB7C11F7D59C500D31AB1 /* DefaultOptionCell.swift in Sources */,
				DDEDB7BB1F7D571C00D31AB1 /* SpecialMenuVC.swift in Sources */,
				DD8351C91F7DB26700FE3B20 /* HTCell.swift in Sources */,
				DDEDB7921F7D176400D31AB1 /* MapService.xcdatamodeld in Sources */,
				DDEDB7C81F7D90F800D31AB1 /* AbstractOptionCell.swift in Sources */,
				DD61935B1F7DB474003277A0 /* HTButton.swift in Sources */,
				DDEDB7B71F7D40AC00D31AB1 /* GeneralMenuVC.swift in Sources */,
				DDEDB7BD1F7D59AA00D31AB1 /* ShopCell.swift in Sources */,
				DDEDB78A1F7D176400D31AB1 /* AppDelegate.swift in Sources */,
				DDEDB7B91F7D4AC000D31AB1 /* GlobalMethods.swift in Sources */,
				DDEDB7AD1F7D2FDB00D31AB1 /* TopRoute.swift in Sources */,
				DDEDB79F1F7D2B8600D31AB1 /* TopRouteCell.swift in Sources */,
				DDEDB7B21F7D372600D31AB1 /* BuildRouteVC.swift in Sources */,
				DDEDB7A81F7D2DA000D31AB1 /* ApiWorker.swift in Sources */,
				DDEDB7C31F7D59DB00D31AB1 /* CustomPlaceCell.swift in Sources */,
				DDEDB7A11F7D2C4D00D31AB1 /* TopViewController.swift in Sources */,
				DDEDB7B01F7D365400D31AB1 /* GlobalInfo.swift in Sources */,
				DDEDB7B51F7D404A00D31AB1 /* ViewControllerExtensions.swift in Sources */,
				DD8351C71F7DB25D00FE3B20 /* HashtagVC.swift in Sources */,
				DDEDB7AB1F7D2FA900D31AB1 /* TopRoutes.swift in Sources */,
				DDEDB7C61F7D5A5800D31AB1 /* ButtonsCell.swift in Sources */,
				DDEDB7BF1F7D59BC00D31AB1 /* CaffeCell.swift in Sources */,
			);
			runOnlyForDeploymentPostprocessing = 0;
		};
/* End PBXSourcesBuildPhase section */

/* Begin PBXVariantGroup section */
		DDEDB78D1F7D176400D31AB1 /* Main.storyboard */ = {
			isa = PBXVariantGroup;
			children = (
				DDEDB78E1F7D176400D31AB1 /* Base */,
			);
			name = Main.storyboard;
			sourceTree = "<group>";
		};
		DDEDB7951F7D176400D31AB1 /* LaunchScreen.storyboard */ = {
			isa = PBXVariantGroup;
			children = (
				DDEDB7961F7D176400D31AB1 /* Base */,
			);
			name = LaunchScreen.storyboard;
			sourceTree = "<group>";
		};
/* End PBXVariantGroup section */

/* Begin XCBuildConfiguration section */
		DDEDB7991F7D176400D31AB1 /* Debug */ = {
			isa = XCBuildConfiguration;
			buildSettings = {
				ALWAYS_SEARCH_USER_PATHS = NO;
				CLANG_ANALYZER_NONNULL = YES;
				CLANG_ANALYZER_NUMBER_OBJECT_CONVERSION = YES_AGGRESSIVE;
				CLANG_CXX_LANGUAGE_STANDARD = "gnu++14";
				CLANG_CXX_LIBRARY = "libc++";
				CLANG_ENABLE_MODULES = YES;
				CLANG_ENABLE_OBJC_ARC = YES;
				CLANG_WARN_BLOCK_CAPTURE_AUTORELEASING = YES;
				CLANG_WARN_BOOL_CONVERSION = YES;
				CLANG_WARN_COMMA = YES;
				CLANG_WARN_CONSTANT_CONVERSION = YES;
				CLANG_WARN_DIRECT_OBJC_ISA_USAGE = YES_ERROR;
				CLANG_WARN_DOCUMENTATION_COMMENTS = YES;
				CLANG_WARN_EMPTY_BODY = YES;
				CLANG_WARN_ENUM_CONVERSION = YES;
				CLANG_WARN_INFINITE_RECURSION = YES;
				CLANG_WARN_INT_CONVERSION = YES;
				CLANG_WARN_NON_LITERAL_NULL_CONVERSION = YES;
				CLANG_WARN_OBJC_LITERAL_CONVERSION = YES;
				CLANG_WARN_OBJC_ROOT_CLASS = YES_ERROR;
				CLANG_WARN_RANGE_LOOP_ANALYSIS = YES;
				CLANG_WARN_STRICT_PROTOTYPES = YES;
				CLANG_WARN_SUSPICIOUS_MOVE = YES;
				CLANG_WARN_UNGUARDED_AVAILABILITY = YES_AGGRESSIVE;
				CLANG_WARN_UNREACHABLE_CODE = YES;
				CLANG_WARN__DUPLICATE_METHOD_MATCH = YES;
				CODE_SIGN_IDENTITY = "iPhone Developer";
				COPY_PHASE_STRIP = NO;
				DEBUG_INFORMATION_FORMAT = dwarf;
				ENABLE_STRICT_OBJC_MSGSEND = YES;
				ENABLE_TESTABILITY = YES;
				GCC_C_LANGUAGE_STANDARD = gnu11;
				GCC_DYNAMIC_NO_PIC = NO;
				GCC_NO_COMMON_BLOCKS = YES;
				GCC_OPTIMIZATION_LEVEL = 0;
				GCC_PREPROCESSOR_DEFINITIONS = (
					"DEBUG=1",
					"$(inherited)",
				);
				GCC_WARN_64_TO_32_BIT_CONVERSION = YES;
				GCC_WARN_ABOUT_RETURN_TYPE = YES_ERROR;
				GCC_WARN_UNDECLARED_SELECTOR = YES;
				GCC_WARN_UNINITIALIZED_AUTOS = YES_AGGRESSIVE;
				GCC_WARN_UNUSED_FUNCTION = YES;
				GCC_WARN_UNUSED_VARIABLE = YES;
				IPHONEOS_DEPLOYMENT_TARGET = 11.0;
				MTL_ENABLE_DEBUG_INFO = YES;
				ONLY_ACTIVE_ARCH = YES;
				SDKROOT = iphoneos;
				SWIFT_ACTIVE_COMPILATION_CONDITIONS = DEBUG;
				SWIFT_OPTIMIZATION_LEVEL = "-Onone";
			};
			name = Debug;
		};
		DDEDB79A1F7D176400D31AB1 /* Release */ = {
			isa = XCBuildConfiguration;
			buildSettings = {
				ALWAYS_SEARCH_USER_PATHS = NO;
				CLANG_ANALYZER_NONNULL = YES;
				CLANG_ANALYZER_NUMBER_OBJECT_CONVERSION = YES_AGGRESSIVE;
				CLANG_CXX_LANGUAGE_STANDARD = "gnu++14";
				CLANG_CXX_LIBRARY = "libc++";
				CLANG_ENABLE_MODULES = YES;
				CLANG_ENABLE_OBJC_ARC = YES;
				CLANG_WARN_BLOCK_CAPTURE_AUTORELEASING = YES;
				CLANG_WARN_BOOL_CONVERSION = YES;
				CLANG_WARN_COMMA = YES;
				CLANG_WARN_CONSTANT_CONVERSION = YES;
				CLANG_WARN_DIRECT_OBJC_ISA_USAGE = YES_ERROR;
				CLANG_WARN_DOCUMENTATION_COMMENTS = YES;
				CLANG_WARN_EMPTY_BODY = YES;
				CLANG_WARN_ENUM_CONVERSION = YES;
				CLANG_WARN_INFINITE_RECURSION = YES;
				CLANG_WARN_INT_CONVERSION = YES;
				CLANG_WARN_NON_LITERAL_NULL_CONVERSION = YES;
				CLANG_WARN_OBJC_LITERAL_CONVERSION = YES;
				CLANG_WARN_OBJC_ROOT_CLASS = YES_ERROR;
				CLANG_WARN_RANGE_LOOP_ANALYSIS = YES;
				CLANG_WARN_STRICT_PROTOTYPES = YES;
				CLANG_WARN_SUSPICIOUS_MOVE = YES;
				CLANG_WARN_UNGUARDED_AVAILABILITY = YES_AGGRESSIVE;
				CLANG_WARN_UNREACHABLE_CODE = YES;
				CLANG_WARN__DUPLICATE_METHOD_MATCH = YES;
				CODE_SIGN_IDENTITY = "iPhone Developer";
				COPY_PHASE_STRIP = NO;
				DEBUG_INFORMATION_FORMAT = "dwarf-with-dsym";
				ENABLE_NS_ASSERTIONS = NO;
				ENABLE_STRICT_OBJC_MSGSEND = YES;
				GCC_C_LANGUAGE_STANDARD = gnu11;
				GCC_NO_COMMON_BLOCKS = YES;
				GCC_WARN_64_TO_32_BIT_CONVERSION = YES;
				GCC_WARN_ABOUT_RETURN_TYPE = YES_ERROR;
				GCC_WARN_UNDECLARED_SELECTOR = YES;
				GCC_WARN_UNINITIALIZED_AUTOS = YES_AGGRESSIVE;
				GCC_WARN_UNUSED_FUNCTION = YES;
				GCC_WARN_UNUSED_VARIABLE = YES;
				IPHONEOS_DEPLOYMENT_TARGET = 11.0;
				MTL_ENABLE_DEBUG_INFO = NO;
				SDKROOT = iphoneos;
				SWIFT_OPTIMIZATION_LEVEL = "-Owholemodule";
				VALIDATE_PRODUCT = YES;
			};
			name = Release;
		};
		DDEDB79C1F7D176400D31AB1 /* Debug */ = {
			isa = XCBuildConfiguration;
			buildSettings = {
				ASSETCATALOG_COMPILER_APPICON_NAME = AppIcon;
				CODE_SIGN_STYLE = Automatic;
				DEVELOPMENT_TEAM = 2B94L377PG;
				INFOPLIST_FILE = MapService/Info.plist;
				LD_RUNPATH_SEARCH_PATHS = "$(inherited) @executable_path/Frameworks";
				PRODUCT_BUNDLE_IDENTIFIER = Vadim.MapService;
				PRODUCT_NAME = "$(TARGET_NAME)";
				SWIFT_VERSION = 4.0;
				TARGETED_DEVICE_FAMILY = 1;
			};
			name = Debug;
		};
		DDEDB79D1F7D176400D31AB1 /* Release */ = {
			isa = XCBuildConfiguration;
			buildSettings = {
				ASSETCATALOG_COMPILER_APPICON_NAME = AppIcon;
				CODE_SIGN_STYLE = Automatic;
				DEVELOPMENT_TEAM = 2B94L377PG;
				INFOPLIST_FILE = MapService/Info.plist;
				LD_RUNPATH_SEARCH_PATHS = "$(inherited) @executable_path/Frameworks";
				PRODUCT_BUNDLE_IDENTIFIER = Vadim.MapService;
				PRODUCT_NAME = "$(TARGET_NAME)";
				SWIFT_VERSION = 4.0;
				TARGETED_DEVICE_FAMILY = 1;
			};
			name = Release;
		};
/* End XCBuildConfiguration section */

/* Begin XCConfigurationList section */
		DDEDB7811F7D176400D31AB1 /* Build configuration list for PBXProject "MapService" */ = {
			isa = XCConfigurationList;
			buildConfigurations = (
				DDEDB7991F7D176400D31AB1 /* Debug */,
				DDEDB79A1F7D176400D31AB1 /* Release */,
			);
			defaultConfigurationIsVisible = 0;
			defaultConfigurationName = Release;
		};
		DDEDB79B1F7D176400D31AB1 /* Build configuration list for PBXNativeTarget "MapService" */ = {
			isa = XCConfigurationList;
			buildConfigurations = (
				DDEDB79C1F7D176400D31AB1 /* Debug */,
				DDEDB79D1F7D176400D31AB1 /* Release */,
			);
			defaultConfigurationIsVisible = 0;
			defaultConfigurationName = Release;
		};
/* End XCConfigurationList section */

/* Begin XCVersionGroup section */
		DDEDB7901F7D176400D31AB1 /* MapService.xcdatamodeld */ = {
			isa = XCVersionGroup;
			children = (
				DDEDB7911F7D176400D31AB1 /* MapService.xcdatamodel */,
			);
			currentVersion = DDEDB7911F7D176400D31AB1 /* MapService.xcdatamodel */;
			path = MapService.xcdatamodeld;
			sourceTree = "<group>";
			versionGroupType = wrapper.xcdatamodel;
		};
/* End XCVersionGroup section */
	};
	rootObject = DDEDB77E1F7D176400D31AB1 /* Project object */;
}
